lockVersion: 2.0.0
id: ee770454-4663-424e-b470-e7342ccf2ec5
management:
  docChecksum: 377e036f249c19d838b4b6b51ac2b48e
  docVersion: 1.0.0
  speakeasyVersion: 1.213.0
  generationVersion: 2.283.1
  releaseVersion: 0.0.1
  configChecksum: ed43060628545bf352e2680e7138fcf2
features:
  typescript:
    constsAndDefaults: 0.1.5
    core: 3.6.3
    flattening: 2.81.1
    globalSecurity: 2.82.8
    globalServerURLs: 2.82.4
    responseFormat: 0.2.2
generatedFiles:
  - src/sdk/liveness.ts
  - src/sdk/keys.ts
  - src/sdk/apis.ts
  - src/sdk/sdk.ts
  - .eslintrc.js
  - .npmignore
  - RUNTIMES.md
  - package.json
  - src/index.ts
  - src/lib/base64.ts
  - src/lib/config.ts
  - src/lib/encodings.ts
  - src/lib/http.ts
  - src/lib/retries.ts
  - src/lib/schemas.ts
  - src/lib/sdks.ts
  - src/lib/security.ts
  - src/lib/url.ts
  - src/sdk/index.ts
  - src/models/errors/sdkerror.ts
  - src/models/errors/sdkvalidationerror.ts
  - src/types/blobs.ts
  - src/types/index.ts
  - src/types/operations.ts
  - src/types/rfcdate.ts
  - tsconfig.json
  - src/models/operations/getv1liveness.ts
  - src/models/operations/getkey.ts
  - src/models/operations/deletekey.ts
  - src/models/operations/createkey.ts
  - src/models/operations/updatekey.ts
  - src/models/operations/updateremaining.ts
  - src/models/operations/getverifications.ts
  - src/models/operations/getapi.ts
  - src/models/operations/createapi.ts
  - src/models/operations/listkeys.ts
  - src/models/operations/deleteapi.ts
  - src/models/errors/errbadrequest.ts
  - src/models/errors/errunauthorized.ts
  - src/models/errors/errforbidden.ts
  - src/models/errors/errnotfound.ts
  - src/models/errors/errconflict.ts
  - src/models/errors/errtoomanyrequests.ts
  - src/models/errors/errinternalservererror.ts
  - src/models/components/key.ts
  - src/models/components/v1keysverifykeyresponse.ts
  - src/models/components/v1keysverifykeyrequest.ts
  - src/models/components/security.ts
  - src/models/errors/index.ts
  - src/models/operations/index.ts
  - src/models/components/index.ts
  - docs/models/operations/services.md
  - docs/models/operations/getv1livenessresponsebody.md
  - docs/models/operations/getkeyrequest.md
  - docs/models/operations/deletekeyrequestbody.md
  - docs/models/operations/deletekeyresponsebody.md
  - docs/models/operations/interval.md
  - docs/models/operations/refill.md
  - docs/models/operations/type.md
  - docs/models/operations/ratelimit.md
  - docs/models/operations/createkeyrequestbody.md
  - docs/models/operations/createkeyresponsebody.md
  - docs/models/operations/updatekeytype.md
  - docs/models/operations/updatekeyratelimit.md
  - docs/models/operations/updatekeyinterval.md
  - docs/models/operations/updatekeyrefill.md
  - docs/models/operations/updatekeyrequestbody.md
  - docs/models/operations/updatekeyresponsebody.md
  - docs/models/operations/op.md
  - docs/models/operations/updateremainingrequestbody.md
  - docs/models/operations/updateremainingresponsebody.md
  - docs/models/operations/granularity.md
  - docs/models/operations/getverificationsrequest.md
  - docs/models/operations/verifications.md
  - docs/models/operations/getverificationsresponsebody.md
  - docs/models/operations/getapirequest.md
  - docs/models/operations/getapiresponsebody.md
  - docs/models/operations/createapirequestbody.md
  - docs/models/operations/createapiresponsebody.md
  - docs/models/operations/listkeysrequest.md
  - docs/models/operations/listkeysresponsebody.md
  - docs/models/operations/deleteapirequestbody.md
  - docs/models/operations/deleteapiresponsebody.md
  - docs/models/errors/code.md
  - docs/models/errors/errort.md
  - docs/models/errors/errbadrequest.md
  - docs/models/errors/errunauthorizedcode.md
  - docs/models/errors/errunauthorizederror.md
  - docs/models/errors/errunauthorized.md
  - docs/models/errors/errforbiddencode.md
  - docs/models/errors/errforbiddenerror.md
  - docs/models/errors/errforbidden.md
  - docs/models/errors/errnotfoundcode.md
  - docs/models/errors/errnotfounderror.md
  - docs/models/errors/errnotfound.md
  - docs/models/errors/errconflictcode.md
  - docs/models/errors/errconflicterror.md
  - docs/models/errors/errconflict.md
  - docs/models/errors/errtoomanyrequestscode.md
  - docs/models/errors/errtoomanyrequestserror.md
  - docs/models/errors/errtoomanyrequests.md
  - docs/models/errors/errinternalservererrorcode.md
  - docs/models/errors/errinternalservererrorerror.md
  - docs/models/errors/errinternalservererror.md
  - docs/models/components/interval.md
  - docs/models/components/refill.md
  - docs/models/components/type.md
  - docs/models/components/ratelimit.md
  - docs/models/components/key.md
  - docs/models/components/v1keysverifykeyresponseratelimit.md
  - docs/models/components/code.md
  - docs/models/components/v1keysverifykeyresponse.md
  - docs/models/components/v1keysverifykeyrequest.md
  - docs/models/components/security.md
  - docs/sdks/unkeyts/README.md
  - docs/sdks/liveness/README.md
  - docs/sdks/keys/README.md
  - docs/sdks/apis/README.md
  - USAGE.md
  - .gitattributes
  - src/hooks/hooks.ts
  - src/hooks/types.ts
  - src/hooks/index.ts
